
Microsoft Visual Studio Solution File, Format Version 12.00
Project("{2150E333-8FDC-42A3-9474-1A3956D46DE8}") = "ForescastPoc", "ForescastPoc", "{3B766F1D-003A-4639-A6EB-AB420EFFA785}"
EndProject
Project("{FAE04EC0-301F-11D3-BF4B-00C04F79EFBC}") = "Forecasts", "ForecastPoc\Forecasts\Forecasts.csproj", "{DA4DE102-2370-49AF-911F-297310E6F650}"
EndProject
Project("{FAE04EC0-301F-11D3-BF4B-00C04F79EFBC}") = "ForecastsTests", "ForecastPoc\ForecastsTests\ForecastsTests.csproj", "{F6924152-54A4-4F7F-AC58-E5325F792C39}"
EndProject
Global
	GlobalSection(SolutionConfigurationPlatforms) = preSolution
		Debug|Any CPU = Debug|Any CPU
		Release|Any CPU = Release|Any CPU
	EndGlobalSection
	GlobalSection(ProjectConfigurationPlatforms) = postSolution
		{DA4DE102-2370-49AF-911F-297310E6F650}.Debug|Any CPU.ActiveCfg = Debug|Any CPU
		{DA4DE102-2370-49AF-911F-297310E6F650}.Debug|Any CPU.Build.0 = Debug|Any CPU
		{DA4DE102-2370-49AF-911F-297310E6F650}.Release|Any CPU.ActiveCfg = Release|Any CPU
		{DA4DE102-2370-49AF-911F-297310E6F650}.Release|Any CPU.Build.0 = Release|Any CPU
		{F6924152-54A4-4F7F-AC58-E5325F792C39}.Debug|Any CPU.ActiveCfg = Debug|Any CPU
		{F6924152-54A4-4F7F-AC58-E5325F792C39}.Debug|Any CPU.Build.0 = Debug|Any CPU
		{F6924152-54A4-4F7F-AC58-E5325F792C39}.Release|Any CPU.ActiveCfg = Release|Any CPU
		{F6924152-54A4-4F7F-AC58-E5325F792C39}.Release|Any CPU.Build.0 = Release|Any CPU
	EndGlobalSection
	GlobalSection(NestedProjects) = preSolution
		{DA4DE102-2370-49AF-911F-297310E6F650} = {3B766F1D-003A-4639-A6EB-AB420EFFA785}
		{F6924152-54A4-4F7F-AC58-E5325F792C39} = {3B766F1D-003A-4639-A6EB-AB420EFFA785}
	EndGlobalSection
EndGlobal
